
Microsoft Visual Studio Solution File, Format Version 12.00
# Visual Studio Version 17
VisualStudioVersion = 17.11.35312.102
MinimumVisualStudioVersion = 10.0.40219.1
Project("{FAE04EC0-301F-11D3-BF4B-00C04F79EFBC}") = "OOP Exercises", "OOP Exercises\OOP Exercises.csproj", "{FB4E4DE7-E2FD-4FFD-95A1-E17439F9069B}"
EndProject
Global
	GlobalSection(SolutionConfigurationPlatforms) = preSolution
		Debug|Any CPU = Debug|Any CPU
		Release|Any CPU = Release|Any CPU
	EndGlobalSection
	GlobalSection(ProjectConfigurationPlatforms) = postSolution
		{FB4E4DE7-E2FD-4FFD-95A1-E17439F9069B}.Debug|Any CPU.ActiveCfg = Debug|Any CPU
		{FB4E4DE7-E2FD-4FFD-95A1-E17439F9069B}.Debug|Any CPU.Build.0 = Debug|Any CPU
		{FB4E4DE7-E2FD-4FFD-95A1-E17439F9069B}.Release|Any CPU.ActiveCfg = Release|Any CPU
		{FB4E4DE7-E2FD-4FFD-95A1-E17439F9069B}.Release|Any CPU.Build.0 = Release|Any CPU
	EndGlobalSection
	GlobalSection(SolutionProperties) = preSolution
		HideSolutionNode = FALSE
	EndGlobalSection
	GlobalSection(ExtensibilityGlobals) = postSolution
		SolutionGuid = {C088B653-AA1E-44A2-9417-0537F36E80A6}
	EndGlobalSection
EndGlobal
